
Microsoft Visual Studio Solution File, Format Version 12.00
# Visual Studio Version 17
VisualStudioVersion = 17.11.35312.102
MinimumVisualStudioVersion = 10.0.40219.1
Project("{FAE04EC0-301F-11D3-BF4B-00C04F79EFBC}") = "MiAPI", "MiAPI\MiAPI.csproj", "{4FF24A76-73C4-46BF-B558-B6CCDAB8063D}"
EndProject
Global
	GlobalSection(SolutionConfigurationPlatforms) = preSolution
		Debug|Any CPU = Debug|Any CPU
		Release|Any CPU = Release|Any CPU
	EndGlobalSection
	GlobalSection(ProjectConfigurationPlatforms) = postSolution
		{4FF24A76-73C4-46BF-B558-B6CCDAB8063D}.Debug|Any CPU.ActiveCfg = Debug|Any CPU
		{4FF24A76-73C4-46BF-B558-B6CCDAB8063D}.Debug|Any CPU.Build.0 = Debug|Any CPU
		{4FF24A76-73C4-46BF-B558-B6CCDAB8063D}.Release|Any CPU.ActiveCfg = Release|Any CPU
		{4FF24A76-73C4-46BF-B558-B6CCDAB8063D}.Release|Any CPU.Build.0 = Release|Any CPU
	EndGlobalSection
	GlobalSection(SolutionProperties) = preSolution
		HideSolutionNode = FALSE
	EndGlobalSection
	GlobalSection(ExtensibilityGlobals) = postSolution
		SolutionGuid = {50FF6486-C35C-453D-A254-D150E9D740C3}
	EndGlobalSection
EndGlobal
